{
  "object": {
    "pins": [
      {
        "package": "OpenCombine",
        "repositoryURL": "https://github.com/OpenCombine/OpenCombine.git",
        "state": {
          "branch": null,
          "revision": "9cf67e363738dbab61b47fb5eaed78d3db31e5ee",
          "version": "0.13.0"
        }
      },
      {
        "package": "Schwifty",
        "repositoryURL": "https://github.com/doHernandezM/Schwifty.git",
        "state": {
          "branch": "main",
          "revision": "93267a0149dad158d3b615be5db5cd54f20c8ad9",
          "version": null
        }
      }
    ]
  },
  "version": 1
}
